
Microsoft Visual Studio Solution File, Format Version 12.00
# Visual Studio Version 17
VisualStudioVersion = 17.2.32505.173
MinimumVisualStudioVersion = 10.0.40219.1
Project("{FAE04EC0-301F-11D3-BF4B-00C04F79EFBC}") = "Retail management software", "Retail management software\Retail management software.csproj", "{E377C8CE-E7F6-41EF-BCD7-AF23A4223CD9}"
EndProject
Global
	GlobalSection(SolutionConfigurationPlatforms) = preSolution
		Debug|Any CPU = Debug|Any CPU
		Release|Any CPU = Release|Any CPU
	EndGlobalSection
	GlobalSection(ProjectConfigurationPlatforms) = postSolution
		{E377C8CE-E7F6-41EF-BCD7-AF23A4223CD9}.Debug|Any CPU.ActiveCfg = Debug|Any CPU
		{E377C8CE-E7F6-41EF-BCD7-AF23A4223CD9}.Debug|Any CPU.Build.0 = Debug|Any CPU
		{E377C8CE-E7F6-41EF-BCD7-AF23A4223CD9}.Release|Any CPU.ActiveCfg = Release|Any CPU
		{E377C8CE-E7F6-41EF-BCD7-AF23A4223CD9}.Release|Any CPU.Build.0 = Release|Any CPU
	EndGlobalSection
	GlobalSection(SolutionProperties) = preSolution
		HideSolutionNode = FALSE
	EndGlobalSection
	GlobalSection(ExtensibilityGlobals) = postSolution
		SolutionGuid = {EDA2C58C-7E44-45C5-8D59-FA14803FCEED}
	EndGlobalSection
EndGlobal
